
Microsoft Visual Studio Solution File, Format Version 12.00
# Visual Studio 16
Project("{FAE04EC0-301F-11D3-BF4B-00C04F79EFBC}") = "Assembly-CSharp", "Assembly-CSharp.csproj", "{C113205A-45E7-D021-58CD-6162EBF1F93D}"
EndProject
Project("{FAE04EC0-301F-11D3-BF4B-00C04F79EFBC}") = "Assembly-CSharp-Editor", "Assembly-CSharp-Editor.csproj", "{CAF44E64-BA99-491E-2408-A4AAE8A58C45}"
EndProject
Global
	GlobalSection(SolutionConfigurationPlatforms) = preSolution
		Debug|Any CPU = Debug|Any CPU
		Release|Any CPU = Release|Any CPU
	EndGlobalSection
	GlobalSection(ProjectConfigurationPlatforms) = postSolution
		{C113205A-45E7-D021-58CD-6162EBF1F93D}.Debug|Any CPU.ActiveCfg = Debug|Any CPU
		{C113205A-45E7-D021-58CD-6162EBF1F93D}.Debug|Any CPU.Build.0 = Debug|Any CPU
		{C113205A-45E7-D021-58CD-6162EBF1F93D}.Release|Any CPU.ActiveCfg = Release|Any CPU
		{C113205A-45E7-D021-58CD-6162EBF1F93D}.Release|Any CPU.Build.0 = Release|Any CPU
		{CAF44E64-BA99-491E-2408-A4AAE8A58C45}.Debug|Any CPU.ActiveCfg = Debug|Any CPU
		{CAF44E64-BA99-491E-2408-A4AAE8A58C45}.Debug|Any CPU.Build.0 = Debug|Any CPU
		{CAF44E64-BA99-491E-2408-A4AAE8A58C45}.Release|Any CPU.ActiveCfg = Release|Any CPU
		{CAF44E64-BA99-491E-2408-A4AAE8A58C45}.Release|Any CPU.Build.0 = Release|Any CPU
	EndGlobalSection
	GlobalSection(SolutionProperties) = preSolution
		HideSolutionNode = FALSE
	EndGlobalSection
EndGlobal
